
Microsoft Visual Studio Solution File, Format Version 12.00
# Visual Studio Version 17
VisualStudioVersion = 17.1.32228.430
MinimumVisualStudioVersion = 10.0.40219.1
Project("{9A19103F-16F7-4668-BE54-9A1E7A4F7556}") = "LibEbooks.Models", "LibEbooks.Models\LibEbooks.Models.csproj", "{8F4B0298-AEBB-483E-887A-E68914F5505B}"
EndProject
Project("{9A19103F-16F7-4668-BE54-9A1E7A4F7556}") = "LibEBooks.Services", "LibEBooks.Services\LibEBooks.Services.csproj", "{B12B8F70-7516-47FF-832E-5E645330A3B9}"
EndProject
Global
	GlobalSection(SolutionConfigurationPlatforms) = preSolution
		Debug|Any CPU = Debug|Any CPU
		Release|Any CPU = Release|Any CPU
	EndGlobalSection
	GlobalSection(ProjectConfigurationPlatforms) = postSolution
		{8F4B0298-AEBB-483E-887A-E68914F5505B}.Debug|Any CPU.ActiveCfg = Debug|Any CPU
		{8F4B0298-AEBB-483E-887A-E68914F5505B}.Debug|Any CPU.Build.0 = Debug|Any CPU
		{8F4B0298-AEBB-483E-887A-E68914F5505B}.Release|Any CPU.ActiveCfg = Release|Any CPU
		{8F4B0298-AEBB-483E-887A-E68914F5505B}.Release|Any CPU.Build.0 = Release|Any CPU
		{B12B8F70-7516-47FF-832E-5E645330A3B9}.Debug|Any CPU.ActiveCfg = Debug|Any CPU
		{B12B8F70-7516-47FF-832E-5E645330A3B9}.Debug|Any CPU.Build.0 = Debug|Any CPU
		{B12B8F70-7516-47FF-832E-5E645330A3B9}.Release|Any CPU.ActiveCfg = Release|Any CPU
		{B12B8F70-7516-47FF-832E-5E645330A3B9}.Release|Any CPU.Build.0 = Release|Any CPU
	EndGlobalSection
	GlobalSection(SolutionProperties) = preSolution
		HideSolutionNode = FALSE
	EndGlobalSection
	GlobalSection(ExtensibilityGlobals) = postSolution
		SolutionGuid = {5A240BFA-5BED-4579-A9D6-030F206FCDC2}
	EndGlobalSection
EndGlobal
